
Microsoft Visual Studio Solution File, Format Version 12.00
# Visual Studio Version 17
VisualStudioVersion = 17.6.33723.286
MinimumVisualStudioVersion = 10.0.40219.1
Project("{FAE04EC0-301F-11D3-BF4B-00C04F79EFBC}") = "HomeWork5", "HomeWork5.csproj", "{CF3D5F51-30BD-4D31-A5DE-0653997030E4}"
EndProject
Global
	GlobalSection(SolutionConfigurationPlatforms) = preSolution
		Debug|Any CPU = Debug|Any CPU
		Release|Any CPU = Release|Any CPU
	EndGlobalSection
	GlobalSection(ProjectConfigurationPlatforms) = postSolution
		{CF3D5F51-30BD-4D31-A5DE-0653997030E4}.Debug|Any CPU.ActiveCfg = Debug|Any CPU
		{CF3D5F51-30BD-4D31-A5DE-0653997030E4}.Debug|Any CPU.Build.0 = Debug|Any CPU
		{CF3D5F51-30BD-4D31-A5DE-0653997030E4}.Release|Any CPU.ActiveCfg = Release|Any CPU
		{CF3D5F51-30BD-4D31-A5DE-0653997030E4}.Release|Any CPU.Build.0 = Release|Any CPU
	EndGlobalSection
	GlobalSection(SolutionProperties) = preSolution
		HideSolutionNode = FALSE
	EndGlobalSection
	GlobalSection(ExtensibilityGlobals) = postSolution
		SolutionGuid = {9B2D67C8-5507-4175-93DF-68F4E1F23670}
	EndGlobalSection
EndGlobal
